
Microsoft Visual Studio Solution File, Format Version 12.00
# Visual Studio 2012
Project("{FAE04EC0-301F-11D3-BF4B-00C04F79EFBC}") = "YourVoice.Core", "YourVoice.Core\YourVoice.Core.csproj", "{39683324-5E73-4210-9866-A9719200FEB0}"
EndProject
Project("{FAE04EC0-301F-11D3-BF4B-00C04F79EFBC}") = "YourVoice.iOS", "YourVoice.iOS\YourVoice.iOS.csproj", "{1849BAB5-42D5-49D9-B8A3-54F3DF0C855E}"
EndProject
Global
	GlobalSection(SolutionConfigurationPlatforms) = preSolution
		Debug|Any CPU = Debug|Any CPU
		Release|Any CPU = Release|Any CPU
		Debug|iPhoneSimulator = Debug|iPhoneSimulator
		Release|iPhone = Release|iPhone
		Release|iPhoneSimulator = Release|iPhoneSimulator
		Debug|iPhone = Debug|iPhone
	EndGlobalSection
	GlobalSection(ProjectConfigurationPlatforms) = postSolution
		{39683324-5E73-4210-9866-A9719200FEB0}.Debug|Any CPU.ActiveCfg = Debug|Any CPU
		{39683324-5E73-4210-9866-A9719200FEB0}.Debug|Any CPU.Build.0 = Debug|Any CPU
		{39683324-5E73-4210-9866-A9719200FEB0}.Release|Any CPU.ActiveCfg = Release|Any CPU
		{39683324-5E73-4210-9866-A9719200FEB0}.Release|Any CPU.Build.0 = Release|Any CPU
		{39683324-5E73-4210-9866-A9719200FEB0}.Debug|iPhoneSimulator.ActiveCfg = Debug|Any CPU
		{39683324-5E73-4210-9866-A9719200FEB0}.Debug|iPhoneSimulator.Build.0 = Debug|Any CPU
		{39683324-5E73-4210-9866-A9719200FEB0}.Release|iPhone.ActiveCfg = Release|Any CPU
		{39683324-5E73-4210-9866-A9719200FEB0}.Release|iPhone.Build.0 = Release|Any CPU
		{39683324-5E73-4210-9866-A9719200FEB0}.Release|iPhoneSimulator.ActiveCfg = Release|Any CPU
		{39683324-5E73-4210-9866-A9719200FEB0}.Release|iPhoneSimulator.Build.0 = Release|Any CPU
		{39683324-5E73-4210-9866-A9719200FEB0}.Debug|iPhone.ActiveCfg = Debug|Any CPU
		{39683324-5E73-4210-9866-A9719200FEB0}.Debug|iPhone.Build.0 = Debug|Any CPU
		{1849BAB5-42D5-49D9-B8A3-54F3DF0C855E}.Debug|Any CPU.ActiveCfg = Debug|iPhoneSimulator
		{1849BAB5-42D5-49D9-B8A3-54F3DF0C855E}.Debug|Any CPU.Build.0 = Debug|iPhoneSimulator
		{1849BAB5-42D5-49D9-B8A3-54F3DF0C855E}.Release|Any CPU.ActiveCfg = Release|iPhone
		{1849BAB5-42D5-49D9-B8A3-54F3DF0C855E}.Release|Any CPU.Build.0 = Release|iPhone
		{1849BAB5-42D5-49D9-B8A3-54F3DF0C855E}.Debug|iPhoneSimulator.ActiveCfg = Debug|iPhoneSimulator
		{1849BAB5-42D5-49D9-B8A3-54F3DF0C855E}.Debug|iPhoneSimulator.Build.0 = Debug|iPhoneSimulator
		{1849BAB5-42D5-49D9-B8A3-54F3DF0C855E}.Release|iPhone.ActiveCfg = Release|iPhone
		{1849BAB5-42D5-49D9-B8A3-54F3DF0C855E}.Release|iPhone.Build.0 = Release|iPhone
		{1849BAB5-42D5-49D9-B8A3-54F3DF0C855E}.Release|iPhoneSimulator.ActiveCfg = Release|iPhoneSimulator
		{1849BAB5-42D5-49D9-B8A3-54F3DF0C855E}.Release|iPhoneSimulator.Build.0 = Release|iPhoneSimulator
		{1849BAB5-42D5-49D9-B8A3-54F3DF0C855E}.Debug|iPhone.ActiveCfg = Debug|iPhone
		{1849BAB5-42D5-49D9-B8A3-54F3DF0C855E}.Debug|iPhone.Build.0 = Debug|iPhone
	EndGlobalSection
EndGlobal
